{
  "version": 4,
  "terraform_version": "0.12.0",
  "serial": 1,
  "lineage": "73be3ccb-aa21-dd2e-39be-3ab48dac8196",
  "outputs": {},
  "resources": [
    {
      "mode": "managed",
      "type": "google_service_account",
      "name": "image-writer",
      "provider": "provider.google",
      "instances": [
        {
          "schema_version": 0,
          "attributes": {
            "account_id": "image-writer",
            "display_name": "",
            "email": "image-writer@corded-terrain-224220.iam.gserviceaccount.com",
            "id": "projects/corded-terrain-224220/serviceAccounts/image-writer@corded-terrain-224220.iam.gserviceaccount.com",
            "name": "projects/corded-terrain-224220/serviceAccounts/image-writer@corded-terrain-224220.iam.gserviceaccount.com",
            "policy_data": null,
            "project": "corded-terrain-224220",
            "unique_id": "110137578578555955995"
          }
        }
      ]
    },
    {
      "mode": "managed",
      "type": "google_storage_bucket_iam_binding",
      "name": "binding",
      "provider": "provider.google",
      "instances": []
    }
  ]
}
